# This file is automatically @generated by Cargo.
# It is not intended for manual editing.
version = 4

[[package]]
name = "bitpacking"
version = "0.9.3"
source = "registry+https://github.com/rust-lang/crates.io-index"
checksum = "96a7139abd3d9cebf8cd6f920a389cf3dc9576172e32f4563f188cae3c3eb019"
dependencies = [
 "crunchy",
]

[[package]]
name = "crunchy"
version = "0.2.4"
source = "registry+https://github.com/rust-lang/crates.io-index"
checksum = "460fbee9c2c2f33933d720630a6a0bac33ba7053db5344fac858d4b8952d77d5"

[[package]]
name = "fastaai-rs"
version = "0.1.0"
dependencies = [
 "bitpacking",
 "stream-vbyte",
]

[[package]]
name = "stream-vbyte"
version = "0.4.1"
source = "registry+https://github.com/rust-lang/crates.io-index"
checksum = "2f04a005bc697f0aed603e32beaab46d4a69fc4f41503c3b1b0c2168201b9e51"
